<?xml version="1.0" encoding="utf-8"?>
<Project ToolsVersion="4.0" xmlns="http://schemas.microsoft.com/developer/msbuild/2003">
  <ItemGroup>
    <Filter Include="ソース ファイル">
      <UniqueIdentifier>{4FC737F1-C7A5-4376-A066-2A32D752A2FF}</UniqueIdentifier>
      <Extensions>cpp;c;cc;cxx;c++;cppm;ixx;def;odl;idl;hpj;bat;asm;asmx</Extensions>
    </Filter>
    <Filter Include="ヘッダー ファイル">
      <UniqueIdentifier>{93995380-89BD-4b04-88EB-625FBE52EBFB}</UniqueIdentifier>
      <Extensions>h;hh;hpp;hxx;h++;hm;inl;inc;ipp;xsd</Extensions>
    </Filter>
    <Filter Include="リソース ファイル">
      <UniqueIdentifier>{67DA6AB6-F800-4c08-8B7A-83BB121AAD01}</UniqueIdentifier>
      <Extensions>rc;ico;cur;bmp;dlg;rc2;rct;bin;rgs;gif;jpg;jpeg;jpe;resx;tiff;tif;png;wav;mfcribbon-ms</Extensions>
    </Filter>
    <Filter Include="resources">
      <UniqueIdentifier>{f33c9626-1282-4eb0-a95a-8e7a0a06e502}</UniqueIdentifier>
    </Filter>
    <Filter Include="model">
      <UniqueIdentifier>{2b4a25c2-cfe8-4a52-b3df-0099f4256637}</UniqueIdentifier>
    </Filter>
    <Filter Include="model\phone_m">
      <UniqueIdentifier>{7158122d-ac71-4f32-b935-bbfd4724fe36}</UniqueIdentifier>
    </Filter>
  </ItemGroup>
  <ItemGroup>
    <ClCompile Include="FH_Main.cpp">
      <Filter>ソース ファイル</Filter>
    </ClCompile>
  </ItemGroup>
  <ItemGroup>
    <None Include="Main.jconf" />
    <None Include="sample.adxlip" />
    <None Include="model\phone_m\bccwj.60k.bingram">
      <Filter>model\phone_m</Filter>
    </None>
    <None Include="model\phone_m\jnas-tri-3k16-gid.binhmm">
      <Filter>model\phone_m</Filter>
    </None>
    <None Include="model\phone_m\lang_ja_test.htkdic">
      <Filter>model\phone_m</Filter>
    </None>
    <None Include="model\phone_m\logicalTri-3k16-gid.bin">
      <Filter>model\phone_m</Filter>
    </None>
    <None Include="model\phone_m\lt_words.htkdic">
      <Filter>model\phone_m</Filter>
    </None>
  </ItemGroup>
  <ItemGroup>
    <Text Include="resources\filelist.txt">
      <Filter>resources</Filter>
    </Text>
  </ItemGroup>
</Project>